
Microsoft Visual Studio Solution File, Format Version 12.00
# Visual Studio Version 16
VisualStudioVersion = 16.0.32413.511
MinimumVisualStudioVersion = 10.0.40219.1
Project("{9A19103F-16F7-4668-BE54-9A1E7A4F7556}") = "EntityLayer", "EntityLayer\EntityLayer.csproj", "{A412D9A7-B5BA-49AE-9D6F-9EB17244CD57}"
EndProject
Project("{9A19103F-16F7-4668-BE54-9A1E7A4F7556}") = "DataAccessLayer", "DataAccessLayer\DataAccessLayer.csproj", "{64B30ECA-1386-4E44-8285-036940A903C0}"
EndProject
Project("{9A19103F-16F7-4668-BE54-9A1E7A4F7556}") = "BusinessLayer", "BusinessLayer\BusinessLayer.csproj", "{FF3A5732-CDAE-45E0-B67A-D1E7D7BDC930}"
EndProject
Project("{FAE04EC0-301F-11D3-BF4B-00C04F79EFBC}") = "MvcKampProje", "MvcKampProje\MvcKampProje.csproj", "{B0516776-B0D0-4E79-B442-2AD89F5F37E9}"
EndProject
Global
	GlobalSection(SolutionConfigurationPlatforms) = preSolution
		Debug|Any CPU = Debug|Any CPU
		Release|Any CPU = Release|Any CPU
	EndGlobalSection
	GlobalSection(ProjectConfigurationPlatforms) = postSolution
		{A412D9A7-B5BA-49AE-9D6F-9EB17244CD57}.Debug|Any CPU.ActiveCfg = Debug|Any CPU
		{A412D9A7-B5BA-49AE-9D6F-9EB17244CD57}.Debug|Any CPU.Build.0 = Debug|Any CPU
		{A412D9A7-B5BA-49AE-9D6F-9EB17244CD57}.Release|Any CPU.ActiveCfg = Release|Any CPU
		{A412D9A7-B5BA-49AE-9D6F-9EB17244CD57}.Release|Any CPU.Build.0 = Release|Any CPU
		{64B30ECA-1386-4E44-8285-036940A903C0}.Debug|Any CPU.ActiveCfg = Debug|Any CPU
		{64B30ECA-1386-4E44-8285-036940A903C0}.Debug|Any CPU.Build.0 = Debug|Any CPU
		{64B30ECA-1386-4E44-8285-036940A903C0}.Release|Any CPU.ActiveCfg = Release|Any CPU
		{64B30ECA-1386-4E44-8285-036940A903C0}.Release|Any CPU.Build.0 = Release|Any CPU
		{FF3A5732-CDAE-45E0-B67A-D1E7D7BDC930}.Debug|Any CPU.ActiveCfg = Debug|Any CPU
		{FF3A5732-CDAE-45E0-B67A-D1E7D7BDC930}.Debug|Any CPU.Build.0 = Debug|Any CPU
		{FF3A5732-CDAE-45E0-B67A-D1E7D7BDC930}.Release|Any CPU.ActiveCfg = Release|Any CPU
		{FF3A5732-CDAE-45E0-B67A-D1E7D7BDC930}.Release|Any CPU.Build.0 = Release|Any CPU
		{B0516776-B0D0-4E79-B442-2AD89F5F37E9}.Debug|Any CPU.ActiveCfg = Debug|Any CPU
		{B0516776-B0D0-4E79-B442-2AD89F5F37E9}.Debug|Any CPU.Build.0 = Debug|Any CPU
		{B0516776-B0D0-4E79-B442-2AD89F5F37E9}.Release|Any CPU.ActiveCfg = Release|Any CPU
		{B0516776-B0D0-4E79-B442-2AD89F5F37E9}.Release|Any CPU.Build.0 = Release|Any CPU
	EndGlobalSection
	GlobalSection(SolutionProperties) = preSolution
		HideSolutionNode = FALSE
	EndGlobalSection
	GlobalSection(ExtensibilityGlobals) = postSolution
		SolutionGuid = {4BCD7241-C011-41E9-A105-3CC3AE75B32B}
	EndGlobalSection
EndGlobal
