
Microsoft Visual Studio Solution File, Format Version 12.00
# Visual Studio Version 16
VisualStudioVersion = 16.0.32413.511
MinimumVisualStudioVersion = 10.0.40219.1
Project("{9A19103F-16F7-4668-BE54-9A1E7A4F7556}") = "EF_Core_MVC_Code", "EF_Core_MVC_Code.csproj", "{0DAC531A-11FC-4C7A-9CAE-3DCCF81F5A40}"
EndProject
Global
	GlobalSection(SolutionConfigurationPlatforms) = preSolution
		Debug|Any CPU = Debug|Any CPU
		Release|Any CPU = Release|Any CPU
	EndGlobalSection
	GlobalSection(ProjectConfigurationPlatforms) = postSolution
		{0DAC531A-11FC-4C7A-9CAE-3DCCF81F5A40}.Debug|Any CPU.ActiveCfg = Debug|Any CPU
		{0DAC531A-11FC-4C7A-9CAE-3DCCF81F5A40}.Debug|Any CPU.Build.0 = Debug|Any CPU
		{0DAC531A-11FC-4C7A-9CAE-3DCCF81F5A40}.Release|Any CPU.ActiveCfg = Release|Any CPU
		{0DAC531A-11FC-4C7A-9CAE-3DCCF81F5A40}.Release|Any CPU.Build.0 = Release|Any CPU
	EndGlobalSection
	GlobalSection(SolutionProperties) = preSolution
		HideSolutionNode = FALSE
	EndGlobalSection
	GlobalSection(ExtensibilityGlobals) = postSolution
		SolutionGuid = {5935E771-F347-42D2-8765-72AD34617E2D}
	EndGlobalSection
EndGlobal
